# @generated by Move, please check-in and do not edit manually.

[move]
version = 3
manifest_digest = "D81CEDB63066484614D9FEAADE968CFA08B326F1E95569A44B0C48BD3AE64BA1"
deps_digest = "F8BBB0CCB2491CA29A3DF03D6F92277A4F3574266507ACD77214D37ECA3F3082"
dependencies = [
  { id = "Sui", name = "Sui" },
]

[[move.package]]
id = "MoveStdlib"
source = { git = "https://github.com/MystenLabs/sui.git", rev = "framework/testnet", subdir = "crates/sui-framework/packages/move-stdlib" }

[[move.package]]
id = "Sui"
source = { git = "https://github.com/MystenLabs/sui.git", rev = "framework/testnet", subdir = "crates/sui-framework/packages/sui-framework" }

dependencies = [
  { id = "MoveStdlib", name = "MoveStdlib" },
]

[move.toolchain-version]
compiler-version = "1.39.3"
edition = "2024.beta"
flavor = "sui"

[env]

[env.devnet2]
chain-id = "7f81d47e"
original-published-id = "0xa8086aef7badebd3ab55493d72f6dda67581904461e3266724ce6d6b84470b20"
latest-published-id = "0xa8086aef7badebd3ab55493d72f6dda67581904461e3266724ce6d6b84470b20"
published-version = "1"

[env.testnet]
chain-id = "4c78adac"
original-published-id = "0x9b91106910e464511859e34a8ca74808a573162e085b988dee1b77a8cc99e072"
latest-published-id = "0x9b91106910e464511859e34a8ca74808a573162e085b988dee1b77a8cc99e072"
published-version = "1"
