# @generated by Move, please check-in and do not edit manually.

[move]
version = 3
manifest_digest = "8668B228CCEE53843308F65D8CF073451550AF3707BD3851398D198E5DE27C8B"
deps_digest = "F8BBB0CCB2491CA29A3DF03D6F92277A4F3574266507ACD77214D37ECA3F3082"
dependencies = [
  { id = "Sui", name = "Sui" },
]

[[move.package]]
id = "MoveStdlib"
source = { git = "https://github.com/MystenLabs/sui.git", rev = "framework/testnet", subdir = "crates/sui-framework/packages/move-stdlib" }

[[move.package]]
id = "Sui"
source = { git = "https://github.com/MystenLabs/sui.git", rev = "framework/testnet", subdir = "crates/sui-framework/packages/sui-framework" }

dependencies = [
  { id = "MoveStdlib", name = "MoveStdlib" },
]

[move.toolchain-version]
compiler-version = "1.43.0"
edition = "2024"
flavor = "sui"

[env]

[env.devnet2]
chain-id = "5c7c5411"
original-published-id = "0x94910c9292bf49e8d78d79fa035a62d2c1f41bb8651c963def4e40523a5d6a72"
latest-published-id = "0x94910c9292bf49e8d78d79fa035a62d2c1f41bb8651c963def4e40523a5d6a72"
published-version = "1"

[env.testnet]
chain-id = "4c78adac"
original-published-id = "0x851fb09e8030b9a6344591350e9e96de31018503f339acb39c48f3bb3ffe8e01"
latest-published-id = "0x851fb09e8030b9a6344591350e9e96de31018503f339acb39c48f3bb3ffe8e01"
published-version = "1"

[env.Develop]
chain-id = "b6ba1d54"
original-published-id = "0xe0c3db766bb1d3f05d8864690ddddbcfbd9815b04df18444581b0e7f18737955"
latest-published-id = "0xe0c3db766bb1d3f05d8864690ddddbcfbd9815b04df18444581b0e7f18737955"
published-version = "1"
