# @generated by Move, please check-in and do not edit manually.

[move]
version = 3
manifest_digest = "28059D7081FBB085EF634177EA4D832E5AB5E0D3CEF8DFA5DE1BF6FBE2F3AFCC"
deps_digest = "F8BBB0CCB2491CA29A3DF03D6F92277A4F3574266507ACD77214D37ECA3F3082"
dependencies = [
  { id = "Sui", name = "Sui" },
]

[[move.package]]
id = "MoveStdlib"
source = { git = "https://github.com/MystenLabs/sui.git", rev = "framework/testnet", subdir = "crates/sui-framework/packages/move-stdlib" }

[[move.package]]
id = "Sui"
source = { git = "https://github.com/MystenLabs/sui.git", rev = "framework/testnet", subdir = "crates/sui-framework/packages/sui-framework" }

dependencies = [
  { id = "MoveStdlib", name = "MoveStdlib" },
]

[move.toolchain-version]
compiler-version = "1.41.1"
edition = "2024.beta"
flavor = "sui"

[env]

[env.devnet2]
chain-id = "5c7c5411"
original-published-id = "0x94910c9292bf49e8d78d79fa035a62d2c1f41bb8651c963def4e40523a5d6a72"
latest-published-id = "0x94910c9292bf49e8d78d79fa035a62d2c1f41bb8651c963def4e40523a5d6a72"
published-version = "1"

[env.testnet]
chain-id = "4c78adac"
original-published-id = "0x851fb09e8030b9a6344591350e9e96de31018503f339acb39c48f3bb3ffe8e01"
latest-published-id = "0x851fb09e8030b9a6344591350e9e96de31018503f339acb39c48f3bb3ffe8e01"
published-version = "1"
